
Microsoft Visual Studio Solution File, Format Version 12.00
# Visual Studio 14
VisualStudioVersion = 14.0.25420.1
MinimumVisualStudioVersion = 10.0.40219.1
Project("{FAE04EC0-301F-11D3-BF4B-00C04F79EFBC}") = "HEIF Utility", "HEIF Utility.csproj", "{13999DEC-9097-44B6-A6BC-7A9DB56497EB}"
EndProject
Global
	GlobalSection(SolutionConfigurationPlatforms) = preSolution
		Debug|Any CPU = Debug|Any CPU
		Release|Any CPU = Release|Any CPU
	EndGlobalSection
	GlobalSection(ProjectConfigurationPlatforms) = postSolution
		{13999DEC-9097-44B6-A6BC-7A9DB56497EB}.Debug|Any CPU.ActiveCfg = Debug|Any CPU
		{13999DEC-9097-44B6-A6BC-7A9DB56497EB}.Debug|Any CPU.Build.0 = Debug|Any CPU
		{13999DEC-9097-44B6-A6BC-7A9DB56497EB}.Release|Any CPU.ActiveCfg = Release|Any CPU
		{13999DEC-9097-44B6-A6BC-7A9DB56497EB}.Release|Any CPU.Build.0 = Release|Any CPU
	EndGlobalSection
	GlobalSection(SolutionProperties) = preSolution
		HideSolutionNode = FALSE
	EndGlobalSection
	GlobalSection(ExtensibilityGlobals) = postSolution
		SolutionGuid = {D8F560DC-09E4-4677-9438-62E1E9958C1C}
	EndGlobalSection
EndGlobal
